
Microsoft Visual Studio Solution File, Format Version 12.00
Project("{FAE04EC0-301F-11D3-BF4B-00C04F79EFBC}") = "DiscordPickerBot", "DiscordPickerBot\DiscordPickerBot.csproj", "{057F65B7-2590-49FE-8688-EE566ABCE4B6}"
EndProject
Global
	GlobalSection(SolutionConfigurationPlatforms) = preSolution
		Debug|Any CPU = Debug|Any CPU
		Release|Any CPU = Release|Any CPU
	EndGlobalSection
	GlobalSection(ProjectConfigurationPlatforms) = postSolution
		{057F65B7-2590-49FE-8688-EE566ABCE4B6}.Debug|Any CPU.ActiveCfg = Debug|Any CPU
		{057F65B7-2590-49FE-8688-EE566ABCE4B6}.Debug|Any CPU.Build.0 = Debug|Any CPU
		{057F65B7-2590-49FE-8688-EE566ABCE4B6}.Release|Any CPU.ActiveCfg = Release|Any CPU
		{057F65B7-2590-49FE-8688-EE566ABCE4B6}.Release|Any CPU.Build.0 = Release|Any CPU
	EndGlobalSection
EndGlobal
